{
  "nodes": {
    "naersk": {
      "inputs": {
        "nixpkgs": "nixpkgs_2"
      },
      "locked": {
        "lastModified": 1614785451,
        "narHash": "sha256-TPw8kQvr2UNCuvndtY+EjyXp6Q5GEW2l9UafXXh1XmI=",
        "owner": "nmattia",
        "repo": "naersk",
        "rev": "e0fe990b478a66178a58c69cf53daec0478ca6f9",
        "type": "github"
      },
      "original": {
        "owner": "nmattia",
        "ref": "master",
        "repo": "naersk",
        "type": "github"
      }
    },
    "nixops": {
      "inputs": {
        "nixpkgs": [
          "nixpkgs"
        ],
        "utils": "utils"
      },
      "locked": {
        "lastModified": 1627573982,
        "narHash": "sha256-om60OW10V8w5YP4di9BFZngFCBt9TgnKNnoi29W5KBo=",
        "owner": "nixos",
        "repo": "nixops",
        "rev": "ba05fe50ce09d8ebd37d0ffe04a4cfb822be98dd",
        "type": "github"
      },
      "original": {
        "owner": "nixos",
        "repo": "nixops",
        "type": "github"
      }
    },
    "nixpkgs": {
      "locked": {
        "lastModified": 1627714638,
        "narHash": "sha256-K50HjZJzRaFoxzGkbNwynsrKGQsinmUQE5HNSCNcO6Y=",
        "owner": "nixos",
        "repo": "nixpkgs",
        "rev": "11c662074e2ae3dddd7e157918b6981de4ce7857",
        "type": "github"
      },
      "original": {
        "owner": "nixos",
        "ref": "nixos-21.05",
        "repo": "nixpkgs",
        "type": "github"
      }
    },
    "nixpkgs_2": {
      "locked": {
        "lastModified": 1615656460,
        "narHash": "sha256-WGV+VIdWnibh2qvCT9lQH3WCrpWEuRW5uSRPLocHEEY=",
        "owner": "NixOS",
        "repo": "nixpkgs",
        "rev": "5e367ecef917dadbe3e977b281a33c1fc9cf6e59",
        "type": "github"
      },
      "original": {
        "id": "nixpkgs",
        "type": "indirect"
      }
    },
    "root": {
      "inputs": {
        "nixops": "nixops",
        "nixpkgs": "nixpkgs",
        "secrets": "secrets",
        "tg-bot": "tg-bot"
      }
    },
    "secrets": {
      "flake": false,
      "locked": {
        "narHash": "sha256-MAN0YkXLf59r5AxaCIJfHxIN1zLnDd5FUQrvhCRKrJw=",
        "path": "/home/cab/data/cab/undefspace/infra/secret",
        "type": "path"
      },
      "original": {
        "id": "undefspace-secrets",
        "type": "indirect"
      }
    },
    "tg-bot": {
      "inputs": {
        "naersk": "naersk",
        "nixpkgs": [
          "nixpkgs"
        ],
        "utils": "utils_2"
      },
      "locked": {
        "lastModified": 1623590663,
        "narHash": "sha256-ggKv5MjaWWXy/TMurQf8DfCAzo9HeAcVE51qfeJ/KWQ=",
        "owner": "undefspace",
        "repo": "tg-bot",
        "rev": "c7b268f632a68ae44a2856c89cbb6504673070cd",
        "type": "github"
      },
      "original": {
        "owner": "undefspace",
        "repo": "tg-bot",
        "type": "github"
      }
    },
    "utils": {
      "locked": {
        "lastModified": 1610051610,
        "narHash": "sha256-U9rPz/usA1/Aohhk7Cmc2gBrEEKRzcW4nwPWMPwja4Y=",
        "owner": "numtide",
        "repo": "flake-utils",
        "rev": "3982c9903e93927c2164caa727cd3f6a0e6d14cc",
        "type": "github"
      },
      "original": {
        "owner": "numtide",
        "repo": "flake-utils",
        "type": "github"
      }
    },
    "utils_2": {
      "locked": {
        "lastModified": 1614513358,
        "narHash": "sha256-LakhOx3S1dRjnh0b5Dg3mbZyH0ToC9I8Y2wKSkBaTzU=",
        "owner": "numtide",
        "repo": "flake-utils",
        "rev": "5466c5bbece17adaab2d82fae80b46e807611bf3",
        "type": "github"
      },
      "original": {
        "owner": "numtide",
        "repo": "flake-utils",
        "type": "github"
      }
    }
  },
  "root": "root",
  "version": 7
}
