{
  "nodes": {
    "naersk": {
      "inputs": {
        "nixpkgs": "nixpkgs_2"
      },
      "locked": {
        "lastModified": 1648544490,
        "narHash": "sha256-EoBDcccV70tfz2LAs5lK0BjC7en5mzUVlgLsd5E6DW4=",
        "owner": "nix-community",
        "repo": "naersk",
        "rev": "e30ef9a5ce9b3de8bb438f15829c50f9525ca730",
        "type": "github"
      },
      "original": {
        "owner": "nix-community",
        "ref": "master",
        "repo": "naersk",
        "type": "github"
      }
    },
    "nixops": {
      "inputs": {
        "nixpkgs": [
          "nixpkgs"
        ],
        "utils": "utils"
      },
      "locked": {
        "lastModified": 1646997311,
        "narHash": "sha256-mpEXsFcd64x3gDrEtw0DppB9MI2IWVN0f2jJzYrgLKU=",
        "owner": "nixos",
        "repo": "nixops",
        "rev": "7220cbdc8a1cf2db5b3ad75b525faf145a5560a3",
        "type": "github"
      },
      "original": {
        "owner": "nixos",
        "repo": "nixops",
        "type": "github"
      }
    },
    "nixpkgs": {
      "locked": {
        "lastModified": 1645296114,
        "narHash": "sha256-y53N7TyIkXsjMpOG7RhvqJFGDacLs9HlyHeSTBioqYU=",
        "owner": "nixos",
        "repo": "nixpkgs",
        "rev": "530a53dcbc9437363471167a5e4762c5fcfa34a1",
        "type": "github"
      },
      "original": {
        "owner": "nixos",
        "ref": "nixos-21.05",
        "repo": "nixpkgs",
        "type": "github"
      }
    },
    "nixpkgs_2": {
      "locked": {
        "lastModified": 1615656460,
        "narHash": "sha256-WGV+VIdWnibh2qvCT9lQH3WCrpWEuRW5uSRPLocHEEY=",
        "owner": "NixOS",
        "repo": "nixpkgs",
        "rev": "5e367ecef917dadbe3e977b281a33c1fc9cf6e59",
        "type": "github"
      },
      "original": {
        "id": "nixpkgs",
        "type": "indirect"
      }
    },
    "root": {
      "inputs": {
        "nixops": "nixops",
        "nixpkgs": "nixpkgs",
        "secrets": "secrets",
        "tg-bot": "tg-bot"
      }
    },
    "secrets": {
      "flake": false,
      "locked": {
        "lastModified": 1648678727,
        "narHash": "sha256-taKw8VXPL8NksAAZ7/gcd6jgNtUSS3QwjP/1a6Q3cHQ=",
        "path": "/home/cab/data/cab/undefspace/infra/secret",
        "type": "path"
      },
      "original": {
        "id": "undefspace-secrets",
        "type": "indirect"
      }
    },
    "tg-bot": {
      "inputs": {
        "naersk": "naersk",
        "nixpkgs": [
          "nixpkgs"
        ],
        "utils": "utils_2"
      },
      "locked": {
        "lastModified": 1649014914,
        "narHash": "sha256-LrVutqKN7IcrovU+ysTKDNkTfhl9daAfPj3AQE7PVWM=",
        "owner": "undefspace",
        "repo": "tg-bot",
        "rev": "324ff1f54dc750deb6f251ce89baa4bb05864a2f",
        "type": "github"
      },
      "original": {
        "owner": "undefspace",
        "repo": "tg-bot",
        "type": "github"
      }
    },
    "utils": {
      "locked": {
        "lastModified": 1610051610,
        "narHash": "sha256-U9rPz/usA1/Aohhk7Cmc2gBrEEKRzcW4nwPWMPwja4Y=",
        "owner": "numtide",
        "repo": "flake-utils",
        "rev": "3982c9903e93927c2164caa727cd3f6a0e6d14cc",
        "type": "github"
      },
      "original": {
        "owner": "numtide",
        "repo": "flake-utils",
        "type": "github"
      }
    },
    "utils_2": {
      "locked": {
        "lastModified": 1614513358,
        "narHash": "sha256-LakhOx3S1dRjnh0b5Dg3mbZyH0ToC9I8Y2wKSkBaTzU=",
        "owner": "numtide",
        "repo": "flake-utils",
        "rev": "5466c5bbece17adaab2d82fae80b46e807611bf3",
        "type": "github"
      },
      "original": {
        "owner": "numtide",
        "repo": "flake-utils",
        "type": "github"
      }
    }
  },
  "root": "root",
  "version": 7
}
